// !$*UTF8*$!
{
	archiveVersion = 1;
	classes = {
	};
	objectVersion = 42;
	objects = {

/* Begin PBXApplicationTarget section */
		7D1DB6660783C07F00943CE0 /* texture4 */ = {
			isa = PBXApplicationTarget;
			buildConfigurationList = 7D5232DB13BA004E00F5B5D9 /* Build configuration list for PBXApplicationTarget "texture4" */;
			buildPhases = (
				7D1DB6610783C07F00943CE0 /* Headers */,
				7D1DB6620783C07F00943CE0 /* Resources */,
				7D1DB6630783C07F00943CE0 /* Sources */,
				7D1DB6640783C07F00943CE0 /* Frameworks */,
				7D1DB6650783C07F00943CE0 /* Rez */,
			);
			dependencies = (
			);
			name = texture4;
			productInstallPath = "$(USER_APPS_DIR)";
			productName = texture4;
			productReference = 7D1DB6670783C07F00943CE0 /* texture4.app */;
			productSettingsXML = "<?xml version=\"1.0\" encoding=\"UTF-8\"?>
<!DOCTYPE plist PUBLIC \"-//Apple//DTD PLIST 1.0//EN\" \"http://www.apple.com/DTDs/PropertyList-1.0.dtd\">
<plist version=\"1.0\">
<dict>
	<key>CFBundleDevelopmentRegion</key>
	<string>English</string>
	<key>CFBundleExecutable</key>
	<string></string>
	<key>CFBundleGetInfoString</key>
	<string></string>
	<key>CFBundleIconFile</key>
	<string></string>
	<key>CFBundleIdentifier</key>
	<string></string>
	<key>CFBundleInfoDictionaryVersion</key>
	<string>6.0</string>
	<key>CFBundleName</key>
	<string></string>
	<key>CFBundlePackageType</key>
	<string>APPL</string>
	<key>CFBundleShortVersionString</key>
	<string></string>
	<key>CFBundleSignature</key>
	<string>????</string>
	<key>CFBundleVersion</key>
	<string>0.0.1d1</string>
</dict>
</plist>
";
		};
/* End PBXApplicationTarget section */

/* Begin PBXBuildFile section */
		7D1DB66B0783C08E00943CE0 /* GLUT.framework in Frameworks */ = {isa = PBXBuildFile; fileRef = 7D1DB66A0783C08E00943CE0 /* GLUT.framework */; };
		7D1DB66F0783C09D00943CE0 /* OpenGL.framework in Frameworks */ = {isa = PBXBuildFile; fileRef = 7D1DB66E0783C09D00943CE0 /* OpenGL.framework */; };
		7D1DB6710783C0AB00943CE0 /* Foundation.framework in Frameworks */ = {isa = PBXBuildFile; fileRef = 7D1DB6700783C0AB00943CE0 /* Foundation.framework */; };
		7D1DB68C0783C0C200943CE0 /* box.cpp in Sources */ = {isa = PBXBuildFile; fileRef = 7D1DB6720783C0C200943CE0 /* box.cpp */; };
		7D1DB68D0783C0C200943CE0 /* box.h in Headers */ = {isa = PBXBuildFile; fileRef = 7D1DB6730783C0C200943CE0 /* box.h */; };
		7D1DB68F0783C0C200943CE0 /* main.cpp in Sources */ = {isa = PBXBuildFile; fileRef = 7D1DB6870783C0C200943CE0 /* main.cpp */; };
		7D1DB6910783C0C200943CE0 /* tire.raw in Resources */ = {isa = PBXBuildFile; fileRef = 7D1DB6890783C0C200943CE0 /* tire.raw */; };
		7D1DB6920783C0C200943CE0 /* trackball.cpp in Sources */ = {isa = PBXBuildFile; fileRef = 7D1DB68A0783C0C200943CE0 /* trackball.cpp */; };
		7D1DB6930783C0C200943CE0 /* trackball.h in Headers */ = {isa = PBXBuildFile; fileRef = 7D1DB68B0783C0C200943CE0 /* trackball.h */; };
		7D5232E213BA005C00F5B5D9 /* box.h in Headers */ = {isa = PBXBuildFile; fileRef = 7D1DB6730783C0C200943CE0 /* box.h */; };
		7D5232E313BA005C00F5B5D9 /* trackball.h in Headers */ = {isa = PBXBuildFile; fileRef = 7D1DB68B0783C0C200943CE0 /* trackball.h */; };
		7D5232E513BA005C00F5B5D9 /* tire.raw in Resources */ = {isa = PBXBuildFile; fileRef = 7D1DB6890783C0C200943CE0 /* tire.raw */; };
		7D5232E713BA005C00F5B5D9 /* box.cpp in Sources */ = {isa = PBXBuildFile; fileRef = 7D1DB6720783C0C200943CE0 /* box.cpp */; };
		7D5232E813BA005C00F5B5D9 /* main.cpp in Sources */ = {isa = PBXBuildFile; fileRef = 7D1DB6870783C0C200943CE0 /* main.cpp */; };
		7D5232E913BA005C00F5B5D9 /* trackball.cpp in Sources */ = {isa = PBXBuildFile; fileRef = 7D1DB68A0783C0C200943CE0 /* trackball.cpp */; };
		7D5232EB13BA005C00F5B5D9 /* GLUT.framework in Frameworks */ = {isa = PBXBuildFile; fileRef = 7D1DB66A0783C08E00943CE0 /* GLUT.framework */; };
		7D5232EC13BA005C00F5B5D9 /* OpenGL.framework in Frameworks */ = {isa = PBXBuildFile; fileRef = 7D1DB66E0783C09D00943CE0 /* OpenGL.framework */; };
		7D5232ED13BA005C00F5B5D9 /* Foundation.framework in Frameworks */ = {isa = PBXBuildFile; fileRef = 7D1DB6700783C0AB00943CE0 /* Foundation.framework */; };
/* End PBXBuildFile section */

/* Begin PBXFileReference section */
		7D1DB6670783C07F00943CE0 /* texture4.app */ = {isa = PBXFileReference; explicitFileType = wrapper.application; includeInIndex = 0; path = texture4.app; sourceTree = BUILT_PRODUCTS_DIR; };
		7D1DB66A0783C08E00943CE0 /* GLUT.framework */ = {isa = PBXFileReference; lastKnownFileType = wrapper.framework; name = GLUT.framework; path = /System/Library/Frameworks/GLUT.framework; sourceTree = "<absolute>"; };
		7D1DB66E0783C09D00943CE0 /* OpenGL.framework */ = {isa = PBXFileReference; lastKnownFileType = wrapper.framework; name = OpenGL.framework; path = /System/Library/Frameworks/OpenGL.framework; sourceTree = "<absolute>"; };
		7D1DB6700783C0AB00943CE0 /* Foundation.framework */ = {isa = PBXFileReference; lastKnownFileType = wrapper.framework; name = Foundation.framework; path = /System/Library/Frameworks/Foundation.framework; sourceTree = "<absolute>"; };
		7D1DB6720783C0C200943CE0 /* box.cpp */ = {isa = PBXFileReference; fileEncoding = 18446744071562067969; lastKnownFileType = sourcecode.cpp.cpp; path = box.cpp; sourceTree = "<group>"; };
		7D1DB6730783C0C200943CE0 /* box.h */ = {isa = PBXFileReference; fileEncoding = 18446744071562067969; lastKnownFileType = sourcecode.c.h; path = box.h; sourceTree = "<group>"; };
		7D1DB6870783C0C200943CE0 /* main.cpp */ = {isa = PBXFileReference; fileEncoding = 18446744071562067969; lastKnownFileType = sourcecode.cpp.cpp; path = main.cpp; sourceTree = "<group>"; };
		7D1DB6890783C0C200943CE0 /* tire.raw */ = {isa = PBXFileReference; lastKnownFileType = file; path = tire.raw; sourceTree = "<group>"; };
		7D1DB68A0783C0C200943CE0 /* trackball.cpp */ = {isa = PBXFileReference; fileEncoding = 18446744071562067969; lastKnownFileType = sourcecode.cpp.cpp; path = trackball.cpp; sourceTree = "<group>"; };
		7D1DB68B0783C0C200943CE0 /* trackball.h */ = {isa = PBXFileReference; fileEncoding = 18446744071562067969; lastKnownFileType = sourcecode.c.h; path = trackball.h; sourceTree = "<group>"; };
		7D5232F313BA005C00F5B5D9 /* Info-texture4_____________.plist */ = {isa = PBXFileReference; lastKnownFileType = text.plist.xml; path = "Info-texture4_____________.plist"; sourceTree = "<group>"; };
		7D5232F413BA005C00F5B5D9 /* texture4.app */ = {isa = PBXFileReference; explicitFileType = wrapper.application; includeInIndex = 0; path = texture4.app; sourceTree = BUILT_PRODUCTS_DIR; };
/* End PBXFileReference section */

/* Begin PBXFrameworksBuildPhase section */
		7D1DB6640783C07F00943CE0 /* Frameworks */ = {
			isa = PBXFrameworksBuildPhase;
			buildActionMask = 2147483647;
			files = (
				7D1DB66B0783C08E00943CE0 /* GLUT.framework in Frameworks */,
				7D1DB66F0783C09D00943CE0 /* OpenGL.framework in Frameworks */,
				7D1DB6710783C0AB00943CE0 /* Foundation.framework in Frameworks */,
			);
			runOnlyForDeploymentPostprocessing = 0;
		};
		7D5232EA13BA005C00F5B5D9 /* Frameworks */ = {
			isa = PBXFrameworksBuildPhase;
			buildActionMask = 2147483647;
			files = (
				7D5232EB13BA005C00F5B5D9 /* GLUT.framework in Frameworks */,
				7D5232EC13BA005C00F5B5D9 /* OpenGL.framework in Frameworks */,
				7D5232ED13BA005C00F5B5D9 /* Foundation.framework in Frameworks */,
			);
			runOnlyForDeploymentPostprocessing = 0;
		};
/* End PBXFrameworksBuildPhase section */

/* Begin PBXGroup section */
		7D1DB6590783C06F00943CE0 = {
			isa = PBXGroup;
			children = (
				7D1DB6720783C0C200943CE0 /* box.cpp */,
				7D1DB6730783C0C200943CE0 /* box.h */,
				7D1DB6870783C0C200943CE0 /* main.cpp */,
				7D1DB6890783C0C200943CE0 /* tire.raw */,
				7D1DB68A0783C0C200943CE0 /* trackball.cpp */,
				7D1DB68B0783C0C200943CE0 /* trackball.h */,
				7D1DB6700783C0AB00943CE0 /* Foundation.framework */,
				7D1DB66E0783C09D00943CE0 /* OpenGL.framework */,
				7D1DB66A0783C08E00943CE0 /* GLUT.framework */,
				7D1DB6680783C07F00943CE0 /* Products */,
				7D5232F313BA005C00F5B5D9 /* Info-texture4_____________.plist */,
			);
			sourceTree = "<group>";
		};
		7D1DB6680783C07F00943CE0 /* Products */ = {
			isa = PBXGroup;
			children = (
				7D1DB6670783C07F00943CE0 /* texture4.app */,
				7D5232F413BA005C00F5B5D9 /* texture4.app */,
			);
			name = Products;
			sourceTree = "<group>";
		};
/* End PBXGroup section */

/* Begin PBXHeadersBuildPhase section */
		7D1DB6610783C07F00943CE0 /* Headers */ = {
			isa = PBXHeadersBuildPhase;
			buildActionMask = 2147483647;
			files = (
				7D1DB68D0783C0C200943CE0 /* box.h in Headers */,
				7D1DB6930783C0C200943CE0 /* trackball.h in Headers */,
			);
			runOnlyForDeploymentPostprocessing = 0;
		};
		7D5232E113BA005C00F5B5D9 /* Headers */ = {
			isa = PBXHeadersBuildPhase;
			buildActionMask = 2147483647;
			files = (
				7D5232E213BA005C00F5B5D9 /* box.h in Headers */,
				7D5232E313BA005C00F5B5D9 /* trackball.h in Headers */,
			);
			runOnlyForDeploymentPostprocessing = 0;
		};
/* End PBXHeadersBuildPhase section */

/* Begin PBXNativeTarget section */
		7D5232E013BA005C00F5B5D9 /* texture4（アップグレードしました） */ = {
			isa = PBXNativeTarget;
			buildConfigurationList = 7D5232EF13BA005C00F5B5D9 /* Build configuration list for PBXNativeTarget "texture4（アップグレードしました）" */;
			buildPhases = (
				7D5232E113BA005C00F5B5D9 /* Headers */,
				7D5232E413BA005C00F5B5D9 /* Resources */,
				7D5232E613BA005C00F5B5D9 /* Sources */,
				7D5232EA13BA005C00F5B5D9 /* Frameworks */,
				7D5232EE13BA005C00F5B5D9 /* Rez */,
			);
			buildRules = (
			);
			dependencies = (
			);
			name = "texture4（アップグレードしました）";
			productInstallPath = "$(USER_APPS_DIR)";
			productName = texture4;
			productReference = 7D5232F413BA005C00F5B5D9 /* texture4.app */;
			productType = "com.apple.product-type.application";
		};
/* End PBXNativeTarget section */

/* Begin PBXProject section */
		7D1DB65D0783C06F00943CE0 /* Project object */ = {
			isa = PBXProject;
			buildConfigurationList = 7D5232DA13BA004E00F5B5D9 /* Build configuration list for PBXProject "texture4" */;
			compatibilityVersion = "Xcode 2.4";
			developmentRegion = English;
			hasScannedForEncodings = 0;
			knownRegions = (
				English,
				Japanese,
				French,
				German,
			);
			mainGroup = 7D1DB6590783C06F00943CE0;
			productRefGroup = 7D1DB6680783C07F00943CE0 /* Products */;
			projectDirPath = "";
			projectRoot = "";
			targets = (
				7D5232E013BA005C00F5B5D9 /* texture4（アップグレードしました） */,
				7D1DB6660783C07F00943CE0 /* texture4 */,
			);
		};
/* End PBXProject section */

/* Begin PBXResourcesBuildPhase section */
		7D1DB6620783C07F00943CE0 /* Resources */ = {
			isa = PBXResourcesBuildPhase;
			buildActionMask = 2147483647;
			files = (
				7D1DB6910783C0C200943CE0 /* tire.raw in Resources */,
			);
			runOnlyForDeploymentPostprocessing = 0;
		};
		7D5232E413BA005C00F5B5D9 /* Resources */ = {
			isa = PBXResourcesBuildPhase;
			buildActionMask = 2147483647;
			files = (
				7D5232E513BA005C00F5B5D9 /* tire.raw in Resources */,
			);
			runOnlyForDeploymentPostprocessing = 0;
		};
/* End PBXResourcesBuildPhase section */

/* Begin PBXRezBuildPhase section */
		7D1DB6650783C07F00943CE0 /* Rez */ = {
			isa = PBXRezBuildPhase;
			buildActionMask = 2147483647;
			files = (
			);
			runOnlyForDeploymentPostprocessing = 0;
		};
		7D5232EE13BA005C00F5B5D9 /* Rez */ = {
			isa = PBXRezBuildPhase;
			buildActionMask = 2147483647;
			files = (
			);
			runOnlyForDeploymentPostprocessing = 0;
		};
/* End PBXRezBuildPhase section */

/* Begin PBXSourcesBuildPhase section */
		7D1DB6630783C07F00943CE0 /* Sources */ = {
			isa = PBXSourcesBuildPhase;
			buildActionMask = 2147483647;
			files = (
				7D1DB68C0783C0C200943CE0 /* box.cpp in Sources */,
				7D1DB68F0783C0C200943CE0 /* main.cpp in Sources */,
				7D1DB6920783C0C200943CE0 /* trackball.cpp in Sources */,
			);
			runOnlyForDeploymentPostprocessing = 0;
		};
		7D5232E613BA005C00F5B5D9 /* Sources */ = {
			isa = PBXSourcesBuildPhase;
			buildActionMask = 2147483647;
			files = (
				7D5232E713BA005C00F5B5D9 /* box.cpp in Sources */,
				7D5232E813BA005C00F5B5D9 /* main.cpp in Sources */,
				7D5232E913BA005C00F5B5D9 /* trackball.cpp in Sources */,
			);
			runOnlyForDeploymentPostprocessing = 0;
		};
/* End PBXSourcesBuildPhase section */

/* Begin XCBuildConfiguration section */
		7D5232D413BA004D00F5B5D9 /* Development */ = {
			isa = XCBuildConfiguration;
			buildSettings = {
			};
			name = Development;
		};
		7D5232D513BA004D00F5B5D9 /* Deployment */ = {
			isa = XCBuildConfiguration;
			buildSettings = {
			};
			name = Deployment;
		};
		7D5232D613BA004D00F5B5D9 /* Default */ = {
			isa = XCBuildConfiguration;
			buildSettings = {
			};
			name = Default;
		};
		7D5232D713BA004D00F5B5D9 /* Development */ = {
			isa = XCBuildConfiguration;
			buildSettings = {
				COPY_PHASE_STRIP = NO;
				OTHER_CFLAGS = "";
				OTHER_LDFLAGS = "";
				OTHER_REZFLAGS = "";
				PRODUCT_NAME = texture4;
				SECTORDER_FLAGS = "";
				WARNING_CFLAGS = (
					"-Wmost",
					"-Wno-four-char-constants",
					"-Wno-unknown-pragmas",
				);
				WRAPPER_EXTENSION = app;
			};
			name = Development;
		};
		7D5232D813BA004D00F5B5D9 /* Deployment */ = {
			isa = XCBuildConfiguration;
			buildSettings = {
				COPY_PHASE_STRIP = YES;
				OTHER_CFLAGS = "";
				OTHER_LDFLAGS = "";
				OTHER_REZFLAGS = "";
				PRODUCT_NAME = texture4;
				SECTORDER_FLAGS = "";
				WARNING_CFLAGS = (
					"-Wmost",
					"-Wno-four-char-constants",
					"-Wno-unknown-pragmas",
				);
				WRAPPER_EXTENSION = app;
			};
			name = Deployment;
		};
		7D5232D913BA004D00F5B5D9 /* Default */ = {
			isa = XCBuildConfiguration;
			buildSettings = {
				OTHER_CFLAGS = "";
				OTHER_LDFLAGS = "";
				OTHER_REZFLAGS = "";
				PRODUCT_NAME = texture4;
				SECTORDER_FLAGS = "";
				WARNING_CFLAGS = (
					"-Wmost",
					"-Wno-four-char-constants",
					"-Wno-unknown-pragmas",
				);
				WRAPPER_EXTENSION = app;
			};
			name = Default;
		};
		7D5232F013BA005C00F5B5D9 /* Development */ = {
			isa = XCBuildConfiguration;
			buildSettings = {
				COPY_PHASE_STRIP = NO;
				GCC_SYMBOLS_PRIVATE_EXTERN = NO;
				INFOPLIST_FILE = "Info-texture4_____________.plist";
				OTHER_CFLAGS = "";
				OTHER_LDFLAGS = "";
				OTHER_REZFLAGS = "";
				PRODUCT_NAME = texture4;
				SECTORDER_FLAGS = "";
				WARNING_CFLAGS = (
					"-Wmost",
					"-Wno-four-char-constants",
					"-Wno-unknown-pragmas",
				);
				WRAPPER_EXTENSION = app;
			};
			name = Development;
		};
		7D5232F113BA005C00F5B5D9 /* Deployment */ = {
			isa = XCBuildConfiguration;
			buildSettings = {
				COPY_PHASE_STRIP = YES;
				GCC_SYMBOLS_PRIVATE_EXTERN = NO;
				INFOPLIST_FILE = "Info-texture4_____________.plist";
				OTHER_CFLAGS = "";
				OTHER_LDFLAGS = "";
				OTHER_REZFLAGS = "";
				PRODUCT_NAME = texture4;
				SECTORDER_FLAGS = "";
				WARNING_CFLAGS = (
					"-Wmost",
					"-Wno-four-char-constants",
					"-Wno-unknown-pragmas",
				);
				WRAPPER_EXTENSION = app;
			};
			name = Deployment;
		};
		7D5232F213BA005C00F5B5D9 /* Default */ = {
			isa = XCBuildConfiguration;
			buildSettings = {
				GCC_SYMBOLS_PRIVATE_EXTERN = NO;
				INFOPLIST_FILE = "Info-texture4_____________.plist";
				OTHER_CFLAGS = "";
				OTHER_LDFLAGS = "";
				OTHER_REZFLAGS = "";
				PRODUCT_NAME = texture4;
				SECTORDER_FLAGS = "";
				WARNING_CFLAGS = (
					"-Wmost",
					"-Wno-four-char-constants",
					"-Wno-unknown-pragmas",
				);
				WRAPPER_EXTENSION = app;
			};
			name = Default;
		};
/* End XCBuildConfiguration section */

/* Begin XCConfigurationList section */
		7D5232DA13BA004E00F5B5D9 /* Build configuration list for PBXProject "texture4" */ = {
			isa = XCConfigurationList;
			buildConfigurations = (
				7D5232D413BA004D00F5B5D9 /* Development */,
				7D5232D513BA004D00F5B5D9 /* Deployment */,
				7D5232D613BA004D00F5B5D9 /* Default */,
			);
			defaultConfigurationIsVisible = 0;
			defaultConfigurationName = Default;
		};
		7D5232DB13BA004E00F5B5D9 /* Build configuration list for PBXApplicationTarget "texture4" */ = {
			isa = XCConfigurationList;
			buildConfigurations = (
				7D5232D713BA004D00F5B5D9 /* Development */,
				7D5232D813BA004D00F5B5D9 /* Deployment */,
				7D5232D913BA004D00F5B5D9 /* Default */,
			);
			defaultConfigurationIsVisible = 0;
			defaultConfigurationName = Default;
		};
		7D5232EF13BA005C00F5B5D9 /* Build configuration list for PBXNativeTarget "texture4（アップグレードしました）" */ = {
			isa = XCConfigurationList;
			buildConfigurations = (
				7D5232F013BA005C00F5B5D9 /* Development */,
				7D5232F113BA005C00F5B5D9 /* Deployment */,
				7D5232F213BA005C00F5B5D9 /* Default */,
			);
			defaultConfigurationIsVisible = 0;
			defaultConfigurationName = Default;
		};
/* End XCConfigurationList section */
	};
	rootObject = 7D1DB65D0783C06F00943CE0 /* Project object */;
}
