// !$*UTF8*$!
{
	archiveVersion = 1;
	classes = {
	};
	objectVersion = 39;
	objects = {
		7D1DB6590783C06F00943CE0 = {
			children = (
				7D1DB6720783C0C200943CE0,
				7D1DB6730783C0C200943CE0,
				7D1DB6870783C0C200943CE0,
				7D1DB6890783C0C200943CE0,
				7D1DB68A0783C0C200943CE0,
				7D1DB68B0783C0C200943CE0,
				7D1DB6700783C0AB00943CE0,
				7D1DB66E0783C09D00943CE0,
				7D1DB66A0783C08E00943CE0,
				7D1DB6680783C07F00943CE0,
			);
			isa = PBXGroup;
			refType = 4;
			sourceTree = "<group>";
		};
		7D1DB65B0783C06F00943CE0 = {
			buildSettings = {
				COPY_PHASE_STRIP = NO;
			};
			isa = PBXBuildStyle;
			name = Development;
		};
		7D1DB65C0783C06F00943CE0 = {
			buildSettings = {
				COPY_PHASE_STRIP = YES;
			};
			isa = PBXBuildStyle;
			name = Deployment;
		};
		7D1DB65D0783C06F00943CE0 = {
			buildSettings = {
			};
			buildStyles = (
				7D1DB65B0783C06F00943CE0,
				7D1DB65C0783C06F00943CE0,
			);
			hasScannedForEncodings = 0;
			isa = PBXProject;
			mainGroup = 7D1DB6590783C06F00943CE0;
			productRefGroup = 7D1DB6680783C07F00943CE0;
			projectDirPath = "";
			targets = (
				7D1DB6660783C07F00943CE0,
			);
		};
		7D1DB6610783C07F00943CE0 = {
			buildActionMask = 2147483647;
			files = (
				7D1DB68D0783C0C200943CE0,
				7D1DB6930783C0C200943CE0,
			);
			isa = PBXHeadersBuildPhase;
			runOnlyForDeploymentPostprocessing = 0;
		};
		7D1DB6620783C07F00943CE0 = {
			buildActionMask = 2147483647;
			files = (
				7D1DB6910783C0C200943CE0,
			);
			isa = PBXResourcesBuildPhase;
			runOnlyForDeploymentPostprocessing = 0;
		};
		7D1DB6630783C07F00943CE0 = {
			buildActionMask = 2147483647;
			files = (
				7D1DB68C0783C0C200943CE0,
				7D1DB68F0783C0C200943CE0,
				7D1DB6920783C0C200943CE0,
			);
			isa = PBXSourcesBuildPhase;
			runOnlyForDeploymentPostprocessing = 0;
		};
		7D1DB6640783C07F00943CE0 = {
			buildActionMask = 2147483647;
			files = (
				7D1DB66B0783C08E00943CE0,
				7D1DB66F0783C09D00943CE0,
				7D1DB6710783C0AB00943CE0,
			);
			isa = PBXFrameworksBuildPhase;
			runOnlyForDeploymentPostprocessing = 0;
		};
		7D1DB6650783C07F00943CE0 = {
			buildActionMask = 2147483647;
			files = (
			);
			isa = PBXRezBuildPhase;
			runOnlyForDeploymentPostprocessing = 0;
		};
		7D1DB6660783C07F00943CE0 = {
			buildPhases = (
				7D1DB6610783C07F00943CE0,
				7D1DB6620783C07F00943CE0,
				7D1DB6630783C07F00943CE0,
				7D1DB6640783C07F00943CE0,
				7D1DB6650783C07F00943CE0,
			);
			buildSettings = {
				OTHER_CFLAGS = "";
				OTHER_LDFLAGS = "";
				OTHER_REZFLAGS = "";
				PRODUCT_NAME = texture4;
				SECTORDER_FLAGS = "";
				WARNING_CFLAGS = "-Wmost -Wno-four-char-constants -Wno-unknown-pragmas";
				WRAPPER_EXTENSION = app;
			};
			dependencies = (
			);
			isa = PBXApplicationTarget;
			name = texture4;
			productInstallPath = "$(USER_APPS_DIR)";
			productName = texture4;
			productReference = 7D1DB6670783C07F00943CE0;
			productSettingsXML = "<?xml version=\"1.0\" encoding=\"UTF-8\"?>
<!DOCTYPE plist PUBLIC \"-//Apple Computer//DTD PLIST 1.0//EN\" \"http://www.apple.com/DTDs/PropertyList-1.0.dtd\">
<plist version=\"1.0\">
<dict>
	<key>CFBundleDevelopmentRegion</key>
	<string>English</string>
	<key>CFBundleExecutable</key>
	<string></string>
	<key>CFBundleGetInfoString</key>
	<string></string>
	<key>CFBundleIconFile</key>
	<string></string>
	<key>CFBundleIdentifier</key>
	<string></string>
	<key>CFBundleInfoDictionaryVersion</key>
	<string>6.0</string>
	<key>CFBundleName</key>
	<string></string>
	<key>CFBundlePackageType</key>
	<string>APPL</string>
	<key>CFBundleShortVersionString</key>
	<string></string>
	<key>CFBundleSignature</key>
	<string>????</string>
	<key>CFBundleVersion</key>
	<string>0.0.1d1</string>
</dict>
</plist>
";
		};
		7D1DB6670783C07F00943CE0 = {
			explicitFileType = wrapper.application;
			includeInIndex = 0;
			isa = PBXFileReference;
			path = texture4.app;
			refType = 3;
			sourceTree = BUILT_PRODUCTS_DIR;
		};
		7D1DB6680783C07F00943CE0 = {
			children = (
				7D1DB6670783C07F00943CE0,
			);
			isa = PBXGroup;
			name = Products;
			refType = 4;
			sourceTree = "<group>";
		};
		7D1DB66A0783C08E00943CE0 = {
			isa = PBXFileReference;
			lastKnownFileType = wrapper.framework;
			name = GLUT.framework;
			path = /System/Library/Frameworks/GLUT.framework;
			refType = 0;
			sourceTree = "<absolute>";
		};
		7D1DB66B0783C08E00943CE0 = {
			fileRef = 7D1DB66A0783C08E00943CE0;
			isa = PBXBuildFile;
			settings = {
			};
		};
		7D1DB66E0783C09D00943CE0 = {
			isa = PBXFileReference;
			lastKnownFileType = wrapper.framework;
			name = OpenGL.framework;
			path = /System/Library/Frameworks/OpenGL.framework;
			refType = 0;
			sourceTree = "<absolute>";
		};
		7D1DB66F0783C09D00943CE0 = {
			fileRef = 7D1DB66E0783C09D00943CE0;
			isa = PBXBuildFile;
			settings = {
			};
		};
		7D1DB6700783C0AB00943CE0 = {
			isa = PBXFileReference;
			lastKnownFileType = wrapper.framework;
			name = Foundation.framework;
			path = /System/Library/Frameworks/Foundation.framework;
			refType = 0;
			sourceTree = "<absolute>";
		};
		7D1DB6710783C0AB00943CE0 = {
			fileRef = 7D1DB6700783C0AB00943CE0;
			isa = PBXBuildFile;
			settings = {
			};
		};
		7D1DB6720783C0C200943CE0 = {
			fileEncoding = "-2147483647";
			isa = PBXFileReference;
			lastKnownFileType = sourcecode.cpp.cpp;
			path = box.cpp;
			refType = 4;
			sourceTree = "<group>";
		};
		7D1DB6730783C0C200943CE0 = {
			fileEncoding = "-2147483647";
			isa = PBXFileReference;
			lastKnownFileType = sourcecode.c.h;
			path = box.h;
			refType = 4;
			sourceTree = "<group>";
		};
		7D1DB6870783C0C200943CE0 = {
			fileEncoding = "-2147483647";
			isa = PBXFileReference;
			lastKnownFileType = sourcecode.cpp.cpp;
			path = main.cpp;
			refType = 4;
			sourceTree = "<group>";
		};
		7D1DB6890783C0C200943CE0 = {
			isa = PBXFileReference;
			lastKnownFileType = file;
			path = tire.raw;
			refType = 4;
			sourceTree = "<group>";
		};
		7D1DB68A0783C0C200943CE0 = {
			fileEncoding = "-2147483647";
			isa = PBXFileReference;
			lastKnownFileType = sourcecode.cpp.cpp;
			path = trackball.cpp;
			refType = 4;
			sourceTree = "<group>";
		};
		7D1DB68B0783C0C200943CE0 = {
			fileEncoding = "-2147483647";
			isa = PBXFileReference;
			lastKnownFileType = sourcecode.c.h;
			path = trackball.h;
			refType = 4;
			sourceTree = "<group>";
		};
		7D1DB68C0783C0C200943CE0 = {
			fileRef = 7D1DB6720783C0C200943CE0;
			isa = PBXBuildFile;
			settings = {
			};
		};
		7D1DB68D0783C0C200943CE0 = {
			fileRef = 7D1DB6730783C0C200943CE0;
			isa = PBXBuildFile;
			settings = {
			};
		};
		7D1DB68F0783C0C200943CE0 = {
			fileRef = 7D1DB6870783C0C200943CE0;
			isa = PBXBuildFile;
			settings = {
			};
		};
		7D1DB6910783C0C200943CE0 = {
			fileRef = 7D1DB6890783C0C200943CE0;
			isa = PBXBuildFile;
			settings = {
			};
		};
		7D1DB6920783C0C200943CE0 = {
			fileRef = 7D1DB68A0783C0C200943CE0;
			isa = PBXBuildFile;
			settings = {
			};
		};
		7D1DB6930783C0C200943CE0 = {
			fileRef = 7D1DB68B0783C0C200943CE0;
			isa = PBXBuildFile;
			settings = {
			};
		};
	};
	rootObject = 7D1DB65D0783C06F00943CE0;
}
